{
  "name": "ui5-webcomponents-bundle",
  "version": "0.0.0",
  "lockfileVersion": 3,
  "requires": true,
  "packages": {
    "": {
      "name": "ui5-webcomponents-bundle",
      "version": "0.0.0",
      "dependencies": {
        "@ui5/webcomponents": "^1.24.0",
        "@ui5/webcomponents-fiori": "^1.24.0",
        "@ui5/webcomponents-icons": "^1.24.0"
      },
      "devDependencies": {
        "vite": "^4.3.2"
      }
    },
    "node_modules/@esbuild/darwin-arm64": {
      "version": "0.18.20",
      "cpu": [
        "arm64"
      ],
      "dev": true,
      "license": "MIT",
      "optional": true,
      "os": [
        "darwin"
      ],
      "engines": {
        "node": ">=12"
      }
    },
    "node_modules/@lit-labs/ssr-dom-shim": {
      "version": "1.2.0",
      "license": "BSD-3-Clause"
    },
    "node_modules/@sap-theming/theming-base-content": {
      "version": "11.12.0",
      "license": "Apache-2.0"
    },
    "node_modules/@types/jquery": {
      "version": "3.5.29",
      "license": "MIT",
      "dependencies": {
        "@types/sizzle": "*"
      }
    },
    "node_modules/@types/openui5": {
      "version": "1.122.0",
      "license": "MIT",
      "dependencies": {
        "@types/jquery": "~3.5.13",
        "@types/qunit": "^2.5.4"
      }
    },
    "node_modules/@types/qunit": {
      "version": "2.19.10",
      "license": "MIT"
    },
    "node_modules/@types/sizzle": {
      "version": "2.3.8",
      "license": "MIT"
    },
    "node_modules/@types/trusted-types": {
      "version": "2.0.7",
      "license": "MIT"
    },
    "node_modules/@ui5/webcomponents": {
      "version": "1.24.0",
      "license": "Apache-2.0",
      "dependencies": {
        "@ui5/webcomponents-base": "1.24.0",
        "@ui5/webcomponents-icons": "1.24.0",
        "@ui5/webcomponents-icons-business-suite": "1.24.0",
        "@ui5/webcomponents-icons-tnt": "1.24.0",
        "@ui5/webcomponents-localization": "1.24.0",
        "@ui5/webcomponents-theming": "1.24.0"
      }
    },
    "node_modules/@ui5/webcomponents-base": {
      "version": "1.24.0",
      "license": "Apache-2.0",
      "dependencies": {
        "@lit-labs/ssr-dom-shim": "^1.1.2",
        "lit-html": "^2.0.1"
      }
    },
    "node_modules/@ui5/webcomponents-fiori": {
      "version": "1.24.0",
      "license": "Apache-2.0",
      "dependencies": {
        "@ui5/webcomponents": "1.24.0",
        "@ui5/webcomponents-base": "1.24.0",
        "@ui5/webcomponents-icons": "1.24.0",
        "@ui5/webcomponents-theming": "1.24.0",
        "@zxing/library": "^0.17.1"
      }
    },
    "node_modules/@ui5/webcomponents-icons": {
      "version": "1.24.0",
      "license": "Apache-2.0",
      "dependencies": {
        "@ui5/webcomponents-base": "1.24.0"
      }
    },
    "node_modules/@ui5/webcomponents-icons-business-suite": {
      "version": "1.24.0",
      "license": "Apache-2.0",
      "dependencies": {
        "@ui5/webcomponents-base": "1.24.0"
      }
    },
    "node_modules/@ui5/webcomponents-icons-tnt": {
      "version": "1.24.0",
      "license": "Apache-2.0",
      "dependencies": {
        "@ui5/webcomponents-base": "1.24.0"
      }
    },
    "node_modules/@ui5/webcomponents-localization": {
      "version": "1.24.0",
      "license": "Apache-2.0",
      "dependencies": {
        "@types/openui5": "^1.113.0",
        "@ui5/webcomponents-base": "1.24.0"
      }
    },
    "node_modules/@ui5/webcomponents-theming": {
      "version": "1.24.0",
      "license": "Apache-2.0",
      "dependencies": {
        "@sap-theming/theming-base-content": "11.12.0",
        "@ui5/webcomponents-base": "1.24.0"
      }
    },
    "node_modules/@zxing/library": {
      "version": "0.17.1",
      "license": "MIT",
      "dependencies": {
        "ts-custom-error": "^3.0.0"
      },
      "engines": {
        "node": ">= 10.4.0"
      },
      "optionalDependencies": {
        "@zxing/text-encoding": "~0.9.0"
      }
    },
    "node_modules/@zxing/text-encoding": {
      "version": "0.9.0",
      "license": "(Unlicense OR Apache-2.0)",
      "optional": true
    },
    "node_modules/esbuild": {
      "version": "0.18.20",
      "dev": true,
      "hasInstallScript": true,
      "license": "MIT",
      "bin": {
        "esbuild": "bin/esbuild"
      },
      "engines": {
        "node": ">=12"
      },
      "optionalDependencies": {
        "@esbuild/android-arm": "0.18.20",
        "@esbuild/android-arm64": "0.18.20",
        "@esbuild/android-x64": "0.18.20",
        "@esbuild/darwin-arm64": "0.18.20",
        "@esbuild/darwin-x64": "0.18.20",
        "@esbuild/freebsd-arm64": "0.18.20",
        "@esbuild/freebsd-x64": "0.18.20",
        "@esbuild/linux-arm": "0.18.20",
        "@esbuild/linux-arm64": "0.18.20",
        "@esbuild/linux-ia32": "0.18.20",
        "@esbuild/linux-loong64": "0.18.20",
        "@esbuild/linux-mips64el": "0.18.20",
        "@esbuild/linux-ppc64": "0.18.20",
        "@esbuild/linux-riscv64": "0.18.20",
        "@esbuild/linux-s390x": "0.18.20",
        "@esbuild/linux-x64": "0.18.20",
        "@esbuild/netbsd-x64": "0.18.20",
        "@esbuild/openbsd-x64": "0.18.20",
        "@esbuild/sunos-x64": "0.18.20",
        "@esbuild/win32-arm64": "0.18.20",
        "@esbuild/win32-ia32": "0.18.20",
        "@esbuild/win32-x64": "0.18.20"
      }
    },
    "node_modules/fsevents": {
      "version": "2.3.3",
      "dev": true,
      "license": "MIT",
      "optional": true,
      "os": [
        "darwin"
      ],
      "engines": {
        "node": "^8.16.0 || ^10.6.0 || >=11.0.0"
      }
    },
    "node_modules/lit-html": {
      "version": "2.8.0",
      "license": "BSD-3-Clause",
      "dependencies": {
        "@types/trusted-types": "^2.0.2"
      }
    },
    "node_modules/nanoid": {
      "version": "3.3.7",
      "dev": true,
      "funding": [
        {
          "type": "github",
          "url": "https://github.com/sponsors/ai"
        }
      ],
      "license": "MIT",
      "bin": {
        "nanoid": "bin/nanoid.cjs"
      },
      "engines": {
        "node": "^10 || ^12 || ^13.7 || ^14 || >=15.0.1"
      }
    },
    "node_modules/picocolors": {
      "version": "1.0.0",
      "dev": true,
      "license": "ISC"
    },
    "node_modules/postcss": {
      "version": "8.4.38",
      "dev": true,
      "funding": [
        {
          "type": "opencollective",
          "url": "https://opencollective.com/postcss/"
        },
        {
          "type": "tidelift",
          "url": "https://tidelift.com/funding/github/npm/postcss"
        },
        {
          "type": "github",
          "url": "https://github.com/sponsors/ai"
        }
      ],
      "license": "MIT",
      "dependencies": {
        "nanoid": "^3.3.7",
        "picocolors": "^1.0.0",
        "source-map-js": "^1.2.0"
      },
      "engines": {
        "node": "^10 || ^12 || >=14"
      }
    },
    "node_modules/rollup": {
      "version": "3.29.4",
      "dev": true,
      "license": "MIT",
      "bin": {
        "rollup": "dist/bin/rollup"
      },
      "engines": {
        "node": ">=14.18.0",
        "npm": ">=8.0.0"
      },
      "optionalDependencies": {
        "fsevents": "~2.3.2"
      }
    },
    "node_modules/source-map-js": {
      "version": "1.2.0",
      "dev": true,
      "license": "BSD-3-Clause",
      "engines": {
        "node": ">=0.10.0"
      }
    },
    "node_modules/ts-custom-error": {
      "version": "3.3.1",
      "license": "MIT",
      "engines": {
        "node": ">=14.0.0"
      }
    },
    "node_modules/vite": {
      "version": "4.5.3",
      "dev": true,
      "license": "MIT",
      "dependencies": {
        "esbuild": "^0.18.10",
        "postcss": "^8.4.27",
        "rollup": "^3.27.1"
      },
      "bin": {
        "vite": "bin/vite.js"
      },
      "engines": {
        "node": "^14.18.0 || >=16.0.0"
      },
      "funding": {
        "url": "https://github.com/vitejs/vite?sponsor=1"
      },
      "optionalDependencies": {
        "fsevents": "~2.3.2"
      },
      "peerDependencies": {
        "@types/node": ">= 14",
        "less": "*",
        "lightningcss": "^1.21.0",
        "sass": "*",
        "stylus": "*",
        "sugarss": "*",
        "terser": "^5.4.0"
      },
      "peerDependenciesMeta": {
        "@types/node": {
          "optional": true
        },
        "less": {
          "optional": true
        },
        "lightningcss": {
          "optional": true
        },
        "sass": {
          "optional": true
        },
        "stylus": {
          "optional": true
        },
        "sugarss": {
          "optional": true
        },
        "terser": {
          "optional": true
        }
      }
    }
  }
}
